{
  "name": "wysiwyg",
  "version": "0.0.0",
  "lockfileVersion": 2,
  "requires": true,
  "packages": {
    "": {
      "name": "wysiwyg",
      "version": "0.0.0",
      "license": "MIT",
      "dependencies": {
        "@ckeditor/ckeditor5-build-classic": "^34.0.0",
        "@ckeditor/ckeditor5-react": "^5.0.0"
      },
      "engines": {
        "node": ">=12.x.x <=16.x.x",
        "npm": ">=6.0.0"
      }
    },
    "node_modules/@ckeditor/ckeditor5-adapter-ckfinder": {
      "version": "34.0.0",
      "resolved": "https://registry.npmjs.org/@ckeditor/ckeditor5-adapter-ckfinder/-/ckeditor5-adapter-ckfinder-34.0.0.tgz",
      "integrity": "sha512-xQwPtqCe6h0PqZW0jWDj6vQLxPZL9onFjMzpwwbDhrbNjNG7uJ0u8ifCjbuhnic2P04W+mgxYgp3nxFa4pJkxQ==",
      "dependencies": {
        "ckeditor5": "^34.0.0"
      },
      "engines": {
        "node": ">=14.0.0",
        "npm": ">=5.7.1"
      }
    },
    "node_modules/@ckeditor/ckeditor5-autoformat": {
      "version": "34.0.0",
      "resolved": "https://registry.npmjs.org/@ckeditor/ckeditor5-autoformat/-/ckeditor5-autoformat-34.0.0.tgz",
      "integrity": "sha512-Iq9H6DJC1dp9Yf1Yvqh3cGPhT4rfs7ojmZ24KiQ+I5uJsepFnmb2dCOdTEzGD/MU0BEYF+JbW9QcDvrMmT/vSw==",
      "dependencies": {
        "ckeditor5": "^34.0.0"
      },
      "engines": {
        "node": ">=14.0.0",
        "npm": ">=5.7.1"
      }
    },
    "node_modules/@ckeditor/ckeditor5-basic-styles": {
      "version": "34.0.0",
      "resolved": "https://registry.npmjs.org/@ckeditor/ckeditor5-basic-styles/-/ckeditor5-basic-styles-34.0.0.tgz",
      "integrity": "sha512-yB9GsGaiYUn+X3hulGLNp9iT9wp5OmMLR88lrNc+jN/nDzVSWll05hvbjMrE6RVcgfrR4WodphGXnBS35V+dWQ==",
      "dependencies": {
        "ckeditor5": "^34.0.0"
      },
      "engines": {
        "node": ">=14.0.0",
        "npm": ">=5.7.1"
      }
    },
    "node_modules/@ckeditor/ckeditor5-block-quote": {
      "version": "34.0.0",
      "resolved": "https://registry.npmjs.org/@ckeditor/ckeditor5-block-quote/-/ckeditor5-block-quote-34.0.0.tgz",
      "integrity": "sha512-IDqckQ3S8sY0NS1P2Sznsfv27rhBeku7epmAesoZvy/PM1cd/lQf7uj9b30di5uoypz32amRuR3lwF1JJIwISQ==",
      "dependencies": {
        "ckeditor5": "^34.0.0"
      },
      "engines": {
        "node": ">=14.0.0",
        "npm": ">=5.7.1"
      }
    },
    "node_modules/@ckeditor/ckeditor5-build-classic": {
      "version": "34.0.0",
      "resolved": "https://registry.npmjs.org/@ckeditor/ckeditor5-build-classic/-/ckeditor5-build-classic-34.0.0.tgz",
      "integrity": "sha512-lnPnV943nLY7QgOVQjwdZXf0l5CspsDhQRjO5e1wYOD3uE1SLZrb6XtwonlIFnpbmsQ6urGfUeXEn+deeN/gwA==",
      "dependencies": {
        "@ckeditor/ckeditor5-adapter-ckfinder": "^34.0.0",
        "@ckeditor/ckeditor5-autoformat": "^34.0.0",
        "@ckeditor/ckeditor5-basic-styles": "^34.0.0",
        "@ckeditor/ckeditor5-block-quote": "^34.0.0",
        "@ckeditor/ckeditor5-ckfinder": "^34.0.0",
        "@ckeditor/ckeditor5-cloud-services": "^34.0.0",
        "@ckeditor/ckeditor5-easy-image": "^34.0.0",
        "@ckeditor/ckeditor5-editor-classic": "^34.0.0",
        "@ckeditor/ckeditor5-essentials": "^34.0.0",
        "@ckeditor/ckeditor5-heading": "^34.0.0",
        "@ckeditor/ckeditor5-image": "^34.0.0",
        "@ckeditor/ckeditor5-indent": "^34.0.0",
        "@ckeditor/ckeditor5-link": "^34.0.0",
        "@ckeditor/ckeditor5-list": "^34.0.0",
        "@ckeditor/ckeditor5-media-embed": "^34.0.0",
        "@ckeditor/ckeditor5-paragraph": "^34.0.0",
        "@ckeditor/ckeditor5-paste-from-office": "^34.0.0",
        "@ckeditor/ckeditor5-table": "^34.0.0",
        "@ckeditor/ckeditor5-typing": "^34.0.0"
      },
      "engines": {
        "node": ">=14.0.0",
        "npm": ">=5.7.1"
      }
    },
    "node_modules/@ckeditor/ckeditor5-ckfinder": {
      "version": "34.0.0",
      "resolved": "https://registry.npmjs.org/@ckeditor/ckeditor5-ckfinder/-/ckeditor5-ckfinder-34.0.0.tgz",
      "integrity": "sha512-AXy5B0I2MLSOIjjSj1DrDWqO/Y9a1COqfCjda5wjRoXALiKEclh6o5tpsZGIodkK5NpE+4wWZ6BJjpdk9K9vvg==",
      "dependencies": {
        "ckeditor5": "^34.0.0"
      },
      "engines": {
        "node": ">=14.0.0",
        "npm": ">=5.7.1"
      }
    },
    "node_modules/@ckeditor/ckeditor5-clipboard": {
      "version": "34.0.0",
      "resolved": "https://registry.npmjs.org/@ckeditor/ckeditor5-clipboard/-/ckeditor5-clipboard-34.0.0.tgz",
      "integrity": "sha512-BXPP97i+fhdh3s8dJHLw+yZsG8yNS7wxinXJ+h/PdRk//AAvhl/PLJEk7JjOhU7GGVa32ExmBv1ci4aPnOhytw==",
      "dependencies": {
        "@ckeditor/ckeditor5-core": "^34.0.0",
        "@ckeditor/ckeditor5-engine": "^34.0.0",
        "@ckeditor/ckeditor5-utils": "^34.0.0",
        "@ckeditor/ckeditor5-widget": "^34.0.0",
        "lodash-es": "^4.17.11"
      },
      "engines": {
        "node": ">=14.0.0",
        "npm": ">=5.7.1"
      }
    },
    "node_modules/@ckeditor/ckeditor5-cloud-services": {
      "version": "34.0.0",
      "resolved": "https://registry.npmjs.org/@ckeditor/ckeditor5-cloud-services/-/ckeditor5-cloud-services-34.0.0.tgz",
      "integrity": "sha512-ZjC4w0o64ccV7dScikhDGZUh8L/HsAtg09vzCfbZsR35EADoGBPjjjhPjjgPOFRnA3/pITbRvX3L/AFKY5SNtA==",
      "dependencies": {
        "ckeditor5": "^34.0.0"
      },
      "engines": {
        "node": ">=14.0.0",
        "npm": ">=5.7.1"
      }
    },
    "node_modules/@ckeditor/ckeditor5-core": {
      "version": "34.0.0",
      "resolved": "https://registry.npmjs.org/@ckeditor/ckeditor5-core/-/ckeditor5-core-34.0.0.tgz",
      "integrity": "sha512-EDZIqhLhXQ+/gamfAN2XoFNOxh3GWTdZ+8JuDeKUCCZTc+z06WyZOmqNPhiPHKeFd6nmf+keEJP0C0ctBnXoZw==",
      "dependencies": {
        "@ckeditor/ckeditor5-engine": "^34.0.0",
        "@ckeditor/ckeditor5-ui": "^34.0.0",
        "@ckeditor/ckeditor5-utils": "^34.0.0",
        "lodash-es": "^4.17.15"
      },
      "engines": {
        "node": ">=14.0.0",
        "npm": ">=5.7.1"
      }
    },
    "node_modules/@ckeditor/ckeditor5-easy-image": {
      "version": "34.0.0",
      "resolved": "https://registry.npmjs.org/@ckeditor/ckeditor5-easy-image/-/ckeditor5-easy-image-34.0.0.tgz",
      "integrity": "sha512-iWk6f3i5s4sJbu45AK45D+OfWLC3DZ8/R7vQYJKOCiBKprTQiP3RVtcHxfZ4oT81T1d0rBnkION+2f+5LOwvaA==",
      "dependencies": {
        "ckeditor5": "^34.0.0"
      },
      "engines": {
        "node": ">=14.0.0",
        "npm": ">=5.7.1"
      }
    },
    "node_modules/@ckeditor/ckeditor5-editor-classic": {
      "version": "34.0.0",
      "resolved": "https://registry.npmjs.org/@ckeditor/ckeditor5-editor-classic/-/ckeditor5-editor-classic-34.0.0.tgz",
      "integrity": "sha512-3e5SYWB8nSbEvZX3flCKi/5jCE3zX/GxWu5q6/Dm0Cc4TMxOayFYWLYiL9+MSm2VeYaMXYegsD1LrWmtANuDmw==",
      "dependencies": {
        "ckeditor5": "^34.0.0",
        "lodash-es": "^4.17.15"
      },
      "engines": {
        "node": ">=14.0.0",
        "npm": ">=5.7.1"
      }
    },
    "node_modules/@ckeditor/ckeditor5-engine": {
      "version": "34.0.0",
      "resolved": "https://registry.npmjs.org/@ckeditor/ckeditor5-engine/-/ckeditor5-engine-34.0.0.tgz",
      "integrity": "sha512-7dlPR9+MdoBxTMaakMCoh8SknLw2rsil+eiaEv7T/6SjeOVwIkJsxJqWQNukpEdEGRkz2Epy19SHLmUWu5G9Ig==",
      "dependencies": {
        "@ckeditor/ckeditor5-utils": "^34.0.0",
        "lodash-es": "^4.17.15"
      },
      "engines": {
        "node": ">=14.0.0",
        "npm": ">=5.7.1"
      }
    },
    "node_modules/@ckeditor/ckeditor5-enter": {
      "version": "34.0.0",
      "resolved": "https://registry.npmjs.org/@ckeditor/ckeditor5-enter/-/ckeditor5-enter-34.0.0.tgz",
      "integrity": "sha512-S0KxoaaLD+BpZjQfRygMdh8SXH1YwhvQj+ZvsTgZ6q8qZzvP3zFmLIbhbaKidnZ1DueuOkB1UQDGsAufJf7Lyw==",
      "dependencies": {
        "@ckeditor/ckeditor5-core": "^34.0.0",
        "@ckeditor/ckeditor5-engine": "^34.0.0",
        "@ckeditor/ckeditor5-utils": "^34.0.0"
      },
      "engines": {
        "node": ">=14.0.0",
        "npm": ">=5.7.1"
      }
    },
    "node_modules/@ckeditor/ckeditor5-essentials": {
      "version": "34.0.0",
      "resolved": "https://registry.npmjs.org/@ckeditor/ckeditor5-essentials/-/ckeditor5-essentials-34.0.0.tgz",
      "integrity": "sha512-4qlluIrCUV1yd8bNCohmojHpN9rJkC9Bqlbt7i6aqsSw5ErlXNSKHWFno+QsKcWYx9GbBmiAqxAERclGBBUtCg==",
      "dependencies": {
        "ckeditor5": "^34.0.0"
      },
      "engines": {
        "node": ">=14.0.0",
        "npm": ">=5.7.1"
      }
    },
    "node_modules/@ckeditor/ckeditor5-heading": {
      "version": "34.0.0",
      "resolved": "https://registry.npmjs.org/@ckeditor/ckeditor5-heading/-/ckeditor5-heading-34.0.0.tgz",
      "integrity": "sha512-Fn7qxZoQAyh0qY6YJohmcqFZx74kkqStEGpHpvAqLGa6bAomPYF7Wr1fxFEsNlZuOvX8EBFWCbbdxGcJx/zAcA==",
      "dependencies": {
        "ckeditor5": "^34.0.0"
      },
      "engines": {
        "node": ">=14.0.0",
        "npm": ">=5.7.1"
      }
    },
    "node_modules/@ckeditor/ckeditor5-image": {
      "version": "34.0.0",
      "resolved": "https://registry.npmjs.org/@ckeditor/ckeditor5-image/-/ckeditor5-image-34.0.0.tgz",
      "integrity": "sha512-8S473Oxa7u/rxr39MT/GUTAQtFN3CYOmBA188gvfMuYNJx6MXO3B5kbyv5p//aG/uDMxIRIc4yhx6WJxEcPxCQ==",
      "dependencies": {
        "@ckeditor/ckeditor5-ui": "^34.0.0",
        "ckeditor5": "^34.0.0",
        "lodash-es": "^4.17.15"
      },
      "engines": {
        "node": ">=14.0.0",
        "npm": ">=5.7.1"
      }
    },
    "node_modules/@ckeditor/ckeditor5-indent": {
      "version": "34.0.0",
      "resolved": "https://registry.npmjs.org/@ckeditor/ckeditor5-indent/-/ckeditor5-indent-34.0.0.tgz",
      "integrity": "sha512-jjB5AbeP3UC9sAqA7hm9G1G7wRbKtAY7uDMJAT+1H9H7Ex964NUbhKS0iRP0gM3WU+rqQ0jhvwipEP4+UrcZqg==",
      "dependencies": {
        "ckeditor5": "^34.0.0"
      },
      "engines": {
        "node": ">=14.0.0",
        "npm": ">=5.7.1"
      }
    },
    "node_modules/@ckeditor/ckeditor5-link": {
      "version": "34.0.0",
      "resolved": "https://registry.npmjs.org/@ckeditor/ckeditor5-link/-/ckeditor5-link-34.0.0.tgz",
      "integrity": "sha512-xtAHw7uF9J0yqbcYViNS5jV4fws3V5x8I/U8m8BtnBqmRVG+pXfN/Zpw9+LhsMWnKa5BX9/B105VoHcn/Sz84Q==",
      "dependencies": {
        "@ckeditor/ckeditor5-ui": "^34.0.0",
        "ckeditor5": "^34.0.0",
        "lodash-es": "^4.17.15"
      },
      "engines": {
        "node": ">=14.0.0",
        "npm": ">=5.7.1"
      }
    },
    "node_modules/@ckeditor/ckeditor5-list": {
      "version": "34.0.1",
      "resolved": "https://registry.npmjs.org/@ckeditor/ckeditor5-list/-/ckeditor5-list-34.0.1.tgz",
      "integrity": "sha512-wLAr6Ar77OHsi8FwimuDCUYQZHcOobKKlDBOWaUNzau4xHh6BPrf3UZRzl/eEiEmaSdolQWosSjNbcFwPNnB9g==",
      "dependencies": {
        "@ckeditor/ckeditor5-ui": "^34.0.0",
        "ckeditor5": "^34.0.0"
      },
      "engines": {
        "node": ">=14.0.0",
        "npm": ">=5.7.1"
      }
    },
    "node_modules/@ckeditor/ckeditor5-media-embed": {
      "version": "34.0.0",
      "resolved": "https://registry.npmjs.org/@ckeditor/ckeditor5-media-embed/-/ckeditor5-media-embed-34.0.0.tgz",
      "integrity": "sha512-yVDwyNUWybZOWK/6tCiGGYk9MXkA2iptYlHDqV5sPuQUxNrFWjgJjB9euT8A5Sce0xIxs0CVTZngGzdEo4aygw==",
      "dependencies": {
        "@ckeditor/ckeditor5-ui": "^34.0.0",
        "ckeditor5": "^34.0.0"
      },
      "engines": {
        "node": ">=14.0.0",
        "npm": ">=5.7.1"
      }
    },
    "node_modules/@ckeditor/ckeditor5-paragraph": {
      "version": "34.0.0",
      "resolved": "https://registry.npmjs.org/@ckeditor/ckeditor5-paragraph/-/ckeditor5-paragraph-34.0.0.tgz",
      "integrity": "sha512-hOvkDiwVG9U2oBSd8eDBeQBLFGDzt9Hiq/e2/VienzzAGTioe5N7z5ECBZf8GICmRWm95BV7Ss/T8Z9CCVBTZg==",
      "dependencies": {
        "@ckeditor/ckeditor5-core": "^34.0.0",
        "@ckeditor/ckeditor5-ui": "^34.0.0",
        "@ckeditor/ckeditor5-utils": "^34.0.0"
      },
      "engines": {
        "node": ">=14.0.0",
        "npm": ">=5.7.1"
      }
    },
    "node_modules/@ckeditor/ckeditor5-paste-from-office": {
      "version": "34.0.0",
      "resolved": "https://registry.npmjs.org/@ckeditor/ckeditor5-paste-from-office/-/ckeditor5-paste-from-office-34.0.0.tgz",
      "integrity": "sha512-NI7G4bTQ3JueueM8eh0XikpZSVEr7PXq6aBoUoDrZgrmqU5BNJMCMj0Xv5zw0pdFRLOAOqpLsqPHMT7r4XYcqw==",
      "dependencies": {
        "ckeditor5": "^34.0.0"
      },
      "engines": {
        "node": ">=14.0.0",
        "npm": ">=5.7.1"
      }
    },
    "node_modules/@ckeditor/ckeditor5-react": {
      "version": "5.0.0",
      "resolved": "https://registry.npmjs.org/@ckeditor/ckeditor5-react/-/ckeditor5-react-5.0.0.tgz",
      "integrity": "sha512-5E/Npua1goikPdbx6GpeFNwOem+lslgYs2r3CycXcbxa3/d9C6ZBVpWppLk3rlRcUKTOXvGNkjfqRoGk9QhATA==",
      "dependencies": {
        "prop-types": "^15.7.2"
      },
      "engines": {
        "node": ">=14.0.0",
        "npm": ">=5.7.1"
      },
      "peerDependencies": {
        "react": "^16.13.1 || ^17.0.0 || ^18.0.0"
      }
    },
    "node_modules/@ckeditor/ckeditor5-select-all": {
      "version": "34.0.0",
      "resolved": "https://registry.npmjs.org/@ckeditor/ckeditor5-select-all/-/ckeditor5-select-all-34.0.0.tgz",
      "integrity": "sha512-ZbjXIRUWRBlIyeKK4hAf4gdGGf4XnzH73g5rilFeilnwSz4lJFoC7KjSD9xsCNjqjUeh5u1Z1Ml8RLGTtWLUPw==",
      "dependencies": {
        "@ckeditor/ckeditor5-core": "^34.0.0",
        "@ckeditor/ckeditor5-ui": "^34.0.0",
        "@ckeditor/ckeditor5-utils": "^34.0.0"
      },
      "engines": {
        "node": ">=14.0.0",
        "npm": ">=5.7.1"
      }
    },
    "node_modules/@ckeditor/ckeditor5-table": {
      "version": "34.0.0",
      "resolved": "https://registry.npmjs.org/@ckeditor/ckeditor5-table/-/ckeditor5-table-34.0.0.tgz",
      "integrity": "sha512-WbaLVol81zWK8CXr2xQ26wb8OUdECH2ZA6sclhRQxhsWq+yrbz23avkx0/CWM0vgdUp6xzEXFW70h2rxDT0yzg==",
      "dependencies": {
        "ckeditor5": "^34.0.0",
        "lodash-es": "^4.17.15"
      },
      "engines": {
        "node": ">=14.0.0",
        "npm": ">=5.7.1"
      }
    },
    "node_modules/@ckeditor/ckeditor5-typing": {
      "version": "34.0.0",
      "resolved": "https://registry.npmjs.org/@ckeditor/ckeditor5-typing/-/ckeditor5-typing-34.0.0.tgz",
      "integrity": "sha512-U7mTOUzEIdSk0xBjBLdLRu/cLAvJTpcRX4ejlk0cpDnWk4bNCCuwkXaIupBkKFzlouk96wSDF0MrtcLkYD9Jog==",
      "dependencies": {
        "@ckeditor/ckeditor5-core": "^34.0.0",
        "@ckeditor/ckeditor5-engine": "^34.0.0",
        "@ckeditor/ckeditor5-utils": "^34.0.0",
        "lodash-es": "^4.17.15"
      },
      "engines": {
        "node": ">=14.0.0",
        "npm": ">=5.7.1"
      }
    },
    "node_modules/@ckeditor/ckeditor5-ui": {
      "version": "34.0.0",
      "resolved": "https://registry.npmjs.org/@ckeditor/ckeditor5-ui/-/ckeditor5-ui-34.0.0.tgz",
      "integrity": "sha512-GPFi/WIAP///yHROHBbwaU+zlLtS6O6L1pQJg/mf97pXSk/g7s1+xAfBAyyxvM8e75LqL57fGCh8Z+zwM81adA==",
      "dependencies": {
        "@ckeditor/ckeditor5-core": "^34.0.0",
        "@ckeditor/ckeditor5-utils": "^34.0.0",
        "lodash-es": "^4.17.15"
      },
      "engines": {
        "node": ">=14.0.0",
        "npm": ">=5.7.1"
      }
    },
    "node_modules/@ckeditor/ckeditor5-undo": {
      "version": "34.0.0",
      "resolved": "https://registry.npmjs.org/@ckeditor/ckeditor5-undo/-/ckeditor5-undo-34.0.0.tgz",
      "integrity": "sha512-JxZBBNxW3r3VzTQCcDrYjFHXWjpKO9Nf1z0aLGGWsag6lgj1yZhhJtOzNhdHP19cvWLRlZL5oz23Qzei+Vnv1A==",
      "dependencies": {
        "@ckeditor/ckeditor5-core": "^34.0.0",
        "@ckeditor/ckeditor5-engine": "^34.0.0",
        "@ckeditor/ckeditor5-ui": "^34.0.0"
      },
      "engines": {
        "node": ">=14.0.0",
        "npm": ">=5.7.1"
      }
    },
    "node_modules/@ckeditor/ckeditor5-upload": {
      "version": "34.0.0",
      "resolved": "https://registry.npmjs.org/@ckeditor/ckeditor5-upload/-/ckeditor5-upload-34.0.0.tgz",
      "integrity": "sha512-kgb4lQta1QPLVEaIo5U/wv667BIDXJDisxmgIXhB74fyasrQCrFMdbLGzbWQfAO5erqAyeO0LRhmMghi2TIcfA==",
      "dependencies": {
        "@ckeditor/ckeditor5-core": "^34.0.0",
        "@ckeditor/ckeditor5-ui": "^34.0.0",
        "@ckeditor/ckeditor5-utils": "^34.0.0"
      },
      "engines": {
        "node": ">=14.0.0",
        "npm": ">=5.7.1"
      }
    },
    "node_modules/@ckeditor/ckeditor5-utils": {
      "version": "34.0.0",
      "resolved": "https://registry.npmjs.org/@ckeditor/ckeditor5-utils/-/ckeditor5-utils-34.0.0.tgz",
      "integrity": "sha512-zeZLv3F6flzuZ+/uHf6S21j6HzTMQyVzc7pTIpJ/mk+4IgQvSvNE92iTPBggtrKqOXqvEN7laCBPI2QpIt+fog==",
      "dependencies": {
        "lodash-es": "^4.17.15"
      },
      "engines": {
        "node": ">=14.0.0",
        "npm": ">=5.7.1"
      }
    },
    "node_modules/@ckeditor/ckeditor5-widget": {
      "version": "34.0.0",
      "resolved": "https://registry.npmjs.org/@ckeditor/ckeditor5-widget/-/ckeditor5-widget-34.0.0.tgz",
      "integrity": "sha512-gpMaB0u3YJ5fVubjuYi/Wz522T6tbDfJiJ4LAp2tF71H8JLDQTvv3CIZP+DPdvyob9jVnJkhq9TscIiydGQgPA==",
      "dependencies": {
        "@ckeditor/ckeditor5-core": "^34.0.0",
        "@ckeditor/ckeditor5-engine": "^34.0.0",
        "@ckeditor/ckeditor5-enter": "^34.0.0",
        "@ckeditor/ckeditor5-typing": "^34.0.0",
        "@ckeditor/ckeditor5-ui": "^34.0.0",
        "@ckeditor/ckeditor5-utils": "^34.0.0",
        "lodash-es": "^4.17.15"
      },
      "engines": {
        "node": ">=14.0.0",
        "npm": ">=5.7.1"
      }
    },
    "node_modules/ckeditor5": {
      "version": "34.0.0",
      "resolved": "https://registry.npmjs.org/ckeditor5/-/ckeditor5-34.0.0.tgz",
      "integrity": "sha512-6+iFm/4B/r3zq078+nbAa6VD1hacFvJ/lCwxDs1nYcQSnc0GtivvSTZ15EBIOs73kN8aZbLMiG8pGqFk+IM8XQ==",
      "dependencies": {
        "@ckeditor/ckeditor5-clipboard": "^34.0.0",
        "@ckeditor/ckeditor5-core": "^34.0.0",
        "@ckeditor/ckeditor5-engine": "^34.0.0",
        "@ckeditor/ckeditor5-enter": "^34.0.0",
        "@ckeditor/ckeditor5-paragraph": "^34.0.0",
        "@ckeditor/ckeditor5-select-all": "^34.0.0",
        "@ckeditor/ckeditor5-typing": "^34.0.0",
        "@ckeditor/ckeditor5-ui": "^34.0.0",
        "@ckeditor/ckeditor5-undo": "^34.0.0",
        "@ckeditor/ckeditor5-upload": "^34.0.0",
        "@ckeditor/ckeditor5-utils": "^34.0.0",
        "@ckeditor/ckeditor5-widget": "^34.0.0"
      },
      "engines": {
        "node": ">=14.0.0",
        "npm": ">=5.7.1"
      }
    },
    "node_modules/js-tokens": {
      "version": "4.0.0",
      "resolved": "https://registry.npmjs.org/js-tokens/-/js-tokens-4.0.0.tgz",
      "integrity": "sha512-RdJUflcE3cUzKiMqQgsCu06FPu9UdIJO0beYbPhHN4k6apgJtifcoCtT9bcxOpYBtpD2kCM6Sbzg4CausW/PKQ=="
    },
    "node_modules/lodash-es": {
      "version": "4.17.21",
      "resolved": "https://registry.npmjs.org/lodash-es/-/lodash-es-4.17.21.tgz",
      "integrity": "sha512-mKnC+QJ9pWVzv+C4/U3rRsHapFfHvQFoFB92e52xeyGMcX6/OlIl78je1u8vePzYZSkkogMPJ2yjxxsb89cxyw=="
    },
    "node_modules/loose-envify": {
      "version": "1.4.0",
      "resolved": "https://registry.npmjs.org/loose-envify/-/loose-envify-1.4.0.tgz",
      "integrity": "sha512-lyuxPGr/Wfhrlem2CL/UcnUc1zcqKAImBDzukY7Y5F/yQiNdko6+fRLevlw1HgMySw7f611UIY408EtxRSoK3Q==",
      "dependencies": {
        "js-tokens": "^3.0.0 || ^4.0.0"
      },
      "bin": {
        "loose-envify": "cli.js"
      }
    },
    "node_modules/object-assign": {
      "version": "4.1.1",
      "resolved": "https://registry.npmjs.org/object-assign/-/object-assign-4.1.1.tgz",
      "integrity": "sha1-IQmtx5ZYh8/AXLvUQsrIv7s2CGM=",
      "engines": {
        "node": ">=0.10.0"
      }
    },
    "node_modules/prop-types": {
      "version": "15.8.1",
      "resolved": "https://registry.npmjs.org/prop-types/-/prop-types-15.8.1.tgz",
      "integrity": "sha512-oj87CgZICdulUohogVAR7AjlC0327U4el4L6eAvOqCeudMDVU0NThNaV+b9Df4dXgSP1gXMTnPdhfe/2qDH5cg==",
      "dependencies": {
        "loose-envify": "^1.4.0",
        "object-assign": "^4.1.1",
        "react-is": "^16.13.1"
      }
    },
    "node_modules/react": {
      "version": "18.1.0",
      "resolved": "https://registry.npmjs.org/react/-/react-18.1.0.tgz",
      "integrity": "sha512-4oL8ivCz5ZEPyclFQXaNksK3adutVS8l2xzZU0cqEFrE9Sb7fC0EFK5uEk74wIreL1DERyjvsU915j1pcT2uEQ==",
      "peer": true,
      "dependencies": {
        "loose-envify": "^1.1.0"
      },
      "engines": {
        "node": ">=0.10.0"
      }
    },
    "node_modules/react-is": {
      "version": "16.13.1",
      "resolved": "https://registry.npmjs.org/react-is/-/react-is-16.13.1.tgz",
      "integrity": "sha512-24e6ynE2H+OKt4kqsOvNd8kBpV65zoxbA4BVsEOB3ARVWQki/DHzaUoC5KuON/BiccDaCCTZBuOcfZs70kR8bQ=="
    }
  },
  "dependencies": {
    "@ckeditor/ckeditor5-adapter-ckfinder": {
      "version": "34.0.0",
      "resolved": "https://registry.npmjs.org/@ckeditor/ckeditor5-adapter-ckfinder/-/ckeditor5-adapter-ckfinder-34.0.0.tgz",
      "integrity": "sha512-xQwPtqCe6h0PqZW0jWDj6vQLxPZL9onFjMzpwwbDhrbNjNG7uJ0u8ifCjbuhnic2P04W+mgxYgp3nxFa4pJkxQ==",
      "requires": {
        "ckeditor5": "^34.0.0"
      }
    },
    "@ckeditor/ckeditor5-autoformat": {
      "version": "34.0.0",
      "resolved": "https://registry.npmjs.org/@ckeditor/ckeditor5-autoformat/-/ckeditor5-autoformat-34.0.0.tgz",
      "integrity": "sha512-Iq9H6DJC1dp9Yf1Yvqh3cGPhT4rfs7ojmZ24KiQ+I5uJsepFnmb2dCOdTEzGD/MU0BEYF+JbW9QcDvrMmT/vSw==",
      "requires": {
        "ckeditor5": "^34.0.0"
      }
    },
    "@ckeditor/ckeditor5-basic-styles": {
      "version": "34.0.0",
      "resolved": "https://registry.npmjs.org/@ckeditor/ckeditor5-basic-styles/-/ckeditor5-basic-styles-34.0.0.tgz",
      "integrity": "sha512-yB9GsGaiYUn+X3hulGLNp9iT9wp5OmMLR88lrNc+jN/nDzVSWll05hvbjMrE6RVcgfrR4WodphGXnBS35V+dWQ==",
      "requires": {
        "ckeditor5": "^34.0.0"
      }
    },
    "@ckeditor/ckeditor5-block-quote": {
      "version": "34.0.0",
      "resolved": "https://registry.npmjs.org/@ckeditor/ckeditor5-block-quote/-/ckeditor5-block-quote-34.0.0.tgz",
      "integrity": "sha512-IDqckQ3S8sY0NS1P2Sznsfv27rhBeku7epmAesoZvy/PM1cd/lQf7uj9b30di5uoypz32amRuR3lwF1JJIwISQ==",
      "requires": {
        "ckeditor5": "^34.0.0"
      }
    },
    "@ckeditor/ckeditor5-build-classic": {
      "version": "34.0.0",
      "resolved": "https://registry.npmjs.org/@ckeditor/ckeditor5-build-classic/-/ckeditor5-build-classic-34.0.0.tgz",
      "integrity": "sha512-lnPnV943nLY7QgOVQjwdZXf0l5CspsDhQRjO5e1wYOD3uE1SLZrb6XtwonlIFnpbmsQ6urGfUeXEn+deeN/gwA==",
      "requires": {
        "@ckeditor/ckeditor5-adapter-ckfinder": "^34.0.0",
        "@ckeditor/ckeditor5-autoformat": "^34.0.0",
        "@ckeditor/ckeditor5-basic-styles": "^34.0.0",
        "@ckeditor/ckeditor5-block-quote": "^34.0.0",
        "@ckeditor/ckeditor5-ckfinder": "^34.0.0",
        "@ckeditor/ckeditor5-cloud-services": "^34.0.0",
        "@ckeditor/ckeditor5-easy-image": "^34.0.0",
        "@ckeditor/ckeditor5-editor-classic": "^34.0.0",
        "@ckeditor/ckeditor5-essentials": "^34.0.0",
        "@ckeditor/ckeditor5-heading": "^34.0.0",
        "@ckeditor/ckeditor5-image": "^34.0.0",
        "@ckeditor/ckeditor5-indent": "^34.0.0",
        "@ckeditor/ckeditor5-link": "^34.0.0",
        "@ckeditor/ckeditor5-list": "^34.0.0",
        "@ckeditor/ckeditor5-media-embed": "^34.0.0",
        "@ckeditor/ckeditor5-paragraph": "^34.0.0",
        "@ckeditor/ckeditor5-paste-from-office": "^34.0.0",
        "@ckeditor/ckeditor5-table": "^34.0.0",
        "@ckeditor/ckeditor5-typing": "^34.0.0"
      }
    },
    "@ckeditor/ckeditor5-ckfinder": {
      "version": "34.0.0",
      "resolved": "https://registry.npmjs.org/@ckeditor/ckeditor5-ckfinder/-/ckeditor5-ckfinder-34.0.0.tgz",
      "integrity": "sha512-AXy5B0I2MLSOIjjSj1DrDWqO/Y9a1COqfCjda5wjRoXALiKEclh6o5tpsZGIodkK5NpE+4wWZ6BJjpdk9K9vvg==",
      "requires": {
        "ckeditor5": "^34.0.0"
      }
    },
    "@ckeditor/ckeditor5-clipboard": {
      "version": "34.0.0",
      "resolved": "https://registry.npmjs.org/@ckeditor/ckeditor5-clipboard/-/ckeditor5-clipboard-34.0.0.tgz",
      "integrity": "sha512-BXPP97i+fhdh3s8dJHLw+yZsG8yNS7wxinXJ+h/PdRk//AAvhl/PLJEk7JjOhU7GGVa32ExmBv1ci4aPnOhytw==",
      "requires": {
        "@ckeditor/ckeditor5-core": "^34.0.0",
        "@ckeditor/ckeditor5-engine": "^34.0.0",
        "@ckeditor/ckeditor5-utils": "^34.0.0",
        "@ckeditor/ckeditor5-widget": "^34.0.0",
        "lodash-es": "^4.17.11"
      }
    },
    "@ckeditor/ckeditor5-cloud-services": {
      "version": "34.0.0",
      "resolved": "https://registry.npmjs.org/@ckeditor/ckeditor5-cloud-services/-/ckeditor5-cloud-services-34.0.0.tgz",
      "integrity": "sha512-ZjC4w0o64ccV7dScikhDGZUh8L/HsAtg09vzCfbZsR35EADoGBPjjjhPjjgPOFRnA3/pITbRvX3L/AFKY5SNtA==",
      "requires": {
        "ckeditor5": "^34.0.0"
      }
    },
    "@ckeditor/ckeditor5-core": {
      "version": "34.0.0",
      "resolved": "https://registry.npmjs.org/@ckeditor/ckeditor5-core/-/ckeditor5-core-34.0.0.tgz",
      "integrity": "sha512-EDZIqhLhXQ+/gamfAN2XoFNOxh3GWTdZ+8JuDeKUCCZTc+z06WyZOmqNPhiPHKeFd6nmf+keEJP0C0ctBnXoZw==",
      "requires": {
        "@ckeditor/ckeditor5-engine": "^34.0.0",
        "@ckeditor/ckeditor5-ui": "^34.0.0",
        "@ckeditor/ckeditor5-utils": "^34.0.0",
        "lodash-es": "^4.17.15"
      }
    },
    "@ckeditor/ckeditor5-easy-image": {
      "version": "34.0.0",
      "resolved": "https://registry.npmjs.org/@ckeditor/ckeditor5-easy-image/-/ckeditor5-easy-image-34.0.0.tgz",
      "integrity": "sha512-iWk6f3i5s4sJbu45AK45D+OfWLC3DZ8/R7vQYJKOCiBKprTQiP3RVtcHxfZ4oT81T1d0rBnkION+2f+5LOwvaA==",
      "requires": {
        "ckeditor5": "^34.0.0"
      }
    },
    "@ckeditor/ckeditor5-editor-classic": {
      "version": "34.0.0",
      "resolved": "https://registry.npmjs.org/@ckeditor/ckeditor5-editor-classic/-/ckeditor5-editor-classic-34.0.0.tgz",
      "integrity": "sha512-3e5SYWB8nSbEvZX3flCKi/5jCE3zX/GxWu5q6/Dm0Cc4TMxOayFYWLYiL9+MSm2VeYaMXYegsD1LrWmtANuDmw==",
      "requires": {
        "ckeditor5": "^34.0.0",
        "lodash-es": "^4.17.15"
      }
    },
    "@ckeditor/ckeditor5-engine": {
      "version": "34.0.0",
      "resolved": "https://registry.npmjs.org/@ckeditor/ckeditor5-engine/-/ckeditor5-engine-34.0.0.tgz",
      "integrity": "sha512-7dlPR9+MdoBxTMaakMCoh8SknLw2rsil+eiaEv7T/6SjeOVwIkJsxJqWQNukpEdEGRkz2Epy19SHLmUWu5G9Ig==",
      "requires": {
        "@ckeditor/ckeditor5-utils": "^34.0.0",
        "lodash-es": "^4.17.15"
      }
    },
    "@ckeditor/ckeditor5-enter": {
      "version": "34.0.0",
      "resolved": "https://registry.npmjs.org/@ckeditor/ckeditor5-enter/-/ckeditor5-enter-34.0.0.tgz",
      "integrity": "sha512-S0KxoaaLD+BpZjQfRygMdh8SXH1YwhvQj+ZvsTgZ6q8qZzvP3zFmLIbhbaKidnZ1DueuOkB1UQDGsAufJf7Lyw==",
      "requires": {
        "@ckeditor/ckeditor5-core": "^34.0.0",
        "@ckeditor/ckeditor5-engine": "^34.0.0",
        "@ckeditor/ckeditor5-utils": "^34.0.0"
      }
    },
    "@ckeditor/ckeditor5-essentials": {
      "version": "34.0.0",
      "resolved": "https://registry.npmjs.org/@ckeditor/ckeditor5-essentials/-/ckeditor5-essentials-34.0.0.tgz",
      "integrity": "sha512-4qlluIrCUV1yd8bNCohmojHpN9rJkC9Bqlbt7i6aqsSw5ErlXNSKHWFno+QsKcWYx9GbBmiAqxAERclGBBUtCg==",
      "requires": {
        "ckeditor5": "^34.0.0"
      }
    },
    "@ckeditor/ckeditor5-heading": {
      "version": "34.0.0",
      "resolved": "https://registry.npmjs.org/@ckeditor/ckeditor5-heading/-/ckeditor5-heading-34.0.0.tgz",
      "integrity": "sha512-Fn7qxZoQAyh0qY6YJohmcqFZx74kkqStEGpHpvAqLGa6bAomPYF7Wr1fxFEsNlZuOvX8EBFWCbbdxGcJx/zAcA==",
      "requires": {
        "ckeditor5": "^34.0.0"
      }
    },
    "@ckeditor/ckeditor5-image": {
      "version": "34.0.0",
      "resolved": "https://registry.npmjs.org/@ckeditor/ckeditor5-image/-/ckeditor5-image-34.0.0.tgz",
      "integrity": "sha512-8S473Oxa7u/rxr39MT/GUTAQtFN3CYOmBA188gvfMuYNJx6MXO3B5kbyv5p//aG/uDMxIRIc4yhx6WJxEcPxCQ==",
      "requires": {
        "@ckeditor/ckeditor5-ui": "^34.0.0",
        "ckeditor5": "^34.0.0",
        "lodash-es": "^4.17.15"
      }
    },
    "@ckeditor/ckeditor5-indent": {
      "version": "34.0.0",
      "resolved": "https://registry.npmjs.org/@ckeditor/ckeditor5-indent/-/ckeditor5-indent-34.0.0.tgz",
      "integrity": "sha512-jjB5AbeP3UC9sAqA7hm9G1G7wRbKtAY7uDMJAT+1H9H7Ex964NUbhKS0iRP0gM3WU+rqQ0jhvwipEP4+UrcZqg==",
      "requires": {
        "ckeditor5": "^34.0.0"
      }
    },
    "@ckeditor/ckeditor5-link": {
      "version": "34.0.0",
      "resolved": "https://registry.npmjs.org/@ckeditor/ckeditor5-link/-/ckeditor5-link-34.0.0.tgz",
      "integrity": "sha512-xtAHw7uF9J0yqbcYViNS5jV4fws3V5x8I/U8m8BtnBqmRVG+pXfN/Zpw9+LhsMWnKa5BX9/B105VoHcn/Sz84Q==",
      "requires": {
        "@ckeditor/ckeditor5-ui": "^34.0.0",
        "ckeditor5": "^34.0.0",
        "lodash-es": "^4.17.15"
      }
    },
    "@ckeditor/ckeditor5-list": {
      "version": "34.0.1",
      "resolved": "https://registry.npmjs.org/@ckeditor/ckeditor5-list/-/ckeditor5-list-34.0.1.tgz",
      "integrity": "sha512-wLAr6Ar77OHsi8FwimuDCUYQZHcOobKKlDBOWaUNzau4xHh6BPrf3UZRzl/eEiEmaSdolQWosSjNbcFwPNnB9g==",
      "requires": {
        "@ckeditor/ckeditor5-ui": "^34.0.0",
        "ckeditor5": "^34.0.0"
      }
    },
    "@ckeditor/ckeditor5-media-embed": {
      "version": "34.0.0",
      "resolved": "https://registry.npmjs.org/@ckeditor/ckeditor5-media-embed/-/ckeditor5-media-embed-34.0.0.tgz",
      "integrity": "sha512-yVDwyNUWybZOWK/6tCiGGYk9MXkA2iptYlHDqV5sPuQUxNrFWjgJjB9euT8A5Sce0xIxs0CVTZngGzdEo4aygw==",
      "requires": {
        "@ckeditor/ckeditor5-ui": "^34.0.0",
        "ckeditor5": "^34.0.0"
      }
    },
    "@ckeditor/ckeditor5-paragraph": {
      "version": "34.0.0",
      "resolved": "https://registry.npmjs.org/@ckeditor/ckeditor5-paragraph/-/ckeditor5-paragraph-34.0.0.tgz",
      "integrity": "sha512-hOvkDiwVG9U2oBSd8eDBeQBLFGDzt9Hiq/e2/VienzzAGTioe5N7z5ECBZf8GICmRWm95BV7Ss/T8Z9CCVBTZg==",
      "requires": {
        "@ckeditor/ckeditor5-core": "^34.0.0",
        "@ckeditor/ckeditor5-ui": "^34.0.0",
        "@ckeditor/ckeditor5-utils": "^34.0.0"
      }
    },
    "@ckeditor/ckeditor5-paste-from-office": {
      "version": "34.0.0",
      "resolved": "https://registry.npmjs.org/@ckeditor/ckeditor5-paste-from-office/-/ckeditor5-paste-from-office-34.0.0.tgz",
      "integrity": "sha512-NI7G4bTQ3JueueM8eh0XikpZSVEr7PXq6aBoUoDrZgrmqU5BNJMCMj0Xv5zw0pdFRLOAOqpLsqPHMT7r4XYcqw==",
      "requires": {
        "ckeditor5": "^34.0.0"
      }
    },
    "@ckeditor/ckeditor5-react": {
      "version": "5.0.0",
      "resolved": "https://registry.npmjs.org/@ckeditor/ckeditor5-react/-/ckeditor5-react-5.0.0.tgz",
      "integrity": "sha512-5E/Npua1goikPdbx6GpeFNwOem+lslgYs2r3CycXcbxa3/d9C6ZBVpWppLk3rlRcUKTOXvGNkjfqRoGk9QhATA==",
      "requires": {
        "prop-types": "^15.7.2"
      }
    },
    "@ckeditor/ckeditor5-select-all": {
      "version": "34.0.0",
      "resolved": "https://registry.npmjs.org/@ckeditor/ckeditor5-select-all/-/ckeditor5-select-all-34.0.0.tgz",
      "integrity": "sha512-ZbjXIRUWRBlIyeKK4hAf4gdGGf4XnzH73g5rilFeilnwSz4lJFoC7KjSD9xsCNjqjUeh5u1Z1Ml8RLGTtWLUPw==",
      "requires": {
        "@ckeditor/ckeditor5-core": "^34.0.0",
        "@ckeditor/ckeditor5-ui": "^34.0.0",
        "@ckeditor/ckeditor5-utils": "^34.0.0"
      }
    },
    "@ckeditor/ckeditor5-table": {
      "version": "34.0.0",
      "resolved": "https://registry.npmjs.org/@ckeditor/ckeditor5-table/-/ckeditor5-table-34.0.0.tgz",
      "integrity": "sha512-WbaLVol81zWK8CXr2xQ26wb8OUdECH2ZA6sclhRQxhsWq+yrbz23avkx0/CWM0vgdUp6xzEXFW70h2rxDT0yzg==",
      "requires": {
        "ckeditor5": "^34.0.0",
        "lodash-es": "^4.17.15"
      }
    },
    "@ckeditor/ckeditor5-typing": {
      "version": "34.0.0",
      "resolved": "https://registry.npmjs.org/@ckeditor/ckeditor5-typing/-/ckeditor5-typing-34.0.0.tgz",
      "integrity": "sha512-U7mTOUzEIdSk0xBjBLdLRu/cLAvJTpcRX4ejlk0cpDnWk4bNCCuwkXaIupBkKFzlouk96wSDF0MrtcLkYD9Jog==",
      "requires": {
        "@ckeditor/ckeditor5-core": "^34.0.0",
        "@ckeditor/ckeditor5-engine": "^34.0.0",
        "@ckeditor/ckeditor5-utils": "^34.0.0",
        "lodash-es": "^4.17.15"
      }
    },
    "@ckeditor/ckeditor5-ui": {
      "version": "34.0.0",
      "resolved": "https://registry.npmjs.org/@ckeditor/ckeditor5-ui/-/ckeditor5-ui-34.0.0.tgz",
      "integrity": "sha512-GPFi/WIAP///yHROHBbwaU+zlLtS6O6L1pQJg/mf97pXSk/g7s1+xAfBAyyxvM8e75LqL57fGCh8Z+zwM81adA==",
      "requires": {
        "@ckeditor/ckeditor5-core": "^34.0.0",
        "@ckeditor/ckeditor5-utils": "^34.0.0",
        "lodash-es": "^4.17.15"
      }
    },
    "@ckeditor/ckeditor5-undo": {
      "version": "34.0.0",
      "resolved": "https://registry.npmjs.org/@ckeditor/ckeditor5-undo/-/ckeditor5-undo-34.0.0.tgz",
      "integrity": "sha512-JxZBBNxW3r3VzTQCcDrYjFHXWjpKO9Nf1z0aLGGWsag6lgj1yZhhJtOzNhdHP19cvWLRlZL5oz23Qzei+Vnv1A==",
      "requires": {
        "@ckeditor/ckeditor5-core": "^34.0.0",
        "@ckeditor/ckeditor5-engine": "^34.0.0",
        "@ckeditor/ckeditor5-ui": "^34.0.0"
      }
    },
    "@ckeditor/ckeditor5-upload": {
      "version": "34.0.0",
      "resolved": "https://registry.npmjs.org/@ckeditor/ckeditor5-upload/-/ckeditor5-upload-34.0.0.tgz",
      "integrity": "sha512-kgb4lQta1QPLVEaIo5U/wv667BIDXJDisxmgIXhB74fyasrQCrFMdbLGzbWQfAO5erqAyeO0LRhmMghi2TIcfA==",
      "requires": {
        "@ckeditor/ckeditor5-core": "^34.0.0",
        "@ckeditor/ckeditor5-ui": "^34.0.0",
        "@ckeditor/ckeditor5-utils": "^34.0.0"
      }
    },
    "@ckeditor/ckeditor5-utils": {
      "version": "34.0.0",
      "resolved": "https://registry.npmjs.org/@ckeditor/ckeditor5-utils/-/ckeditor5-utils-34.0.0.tgz",
      "integrity": "sha512-zeZLv3F6flzuZ+/uHf6S21j6HzTMQyVzc7pTIpJ/mk+4IgQvSvNE92iTPBggtrKqOXqvEN7laCBPI2QpIt+fog==",
      "requires": {
        "lodash-es": "^4.17.15"
      }
    },
    "@ckeditor/ckeditor5-widget": {
      "version": "34.0.0",
      "resolved": "https://registry.npmjs.org/@ckeditor/ckeditor5-widget/-/ckeditor5-widget-34.0.0.tgz",
      "integrity": "sha512-gpMaB0u3YJ5fVubjuYi/Wz522T6tbDfJiJ4LAp2tF71H8JLDQTvv3CIZP+DPdvyob9jVnJkhq9TscIiydGQgPA==",
      "requires": {
        "@ckeditor/ckeditor5-core": "^34.0.0",
        "@ckeditor/ckeditor5-engine": "^34.0.0",
        "@ckeditor/ckeditor5-enter": "^34.0.0",
        "@ckeditor/ckeditor5-typing": "^34.0.0",
        "@ckeditor/ckeditor5-ui": "^34.0.0",
        "@ckeditor/ckeditor5-utils": "^34.0.0",
        "lodash-es": "^4.17.15"
      }
    },
    "ckeditor5": {
      "version": "34.0.0",
      "resolved": "https://registry.npmjs.org/ckeditor5/-/ckeditor5-34.0.0.tgz",
      "integrity": "sha512-6+iFm/4B/r3zq078+nbAa6VD1hacFvJ/lCwxDs1nYcQSnc0GtivvSTZ15EBIOs73kN8aZbLMiG8pGqFk+IM8XQ==",
      "requires": {
        "@ckeditor/ckeditor5-clipboard": "^34.0.0",
        "@ckeditor/ckeditor5-core": "^34.0.0",
        "@ckeditor/ckeditor5-engine": "^34.0.0",
        "@ckeditor/ckeditor5-enter": "^34.0.0",
        "@ckeditor/ckeditor5-paragraph": "^34.0.0",
        "@ckeditor/ckeditor5-select-all": "^34.0.0",
        "@ckeditor/ckeditor5-typing": "^34.0.0",
        "@ckeditor/ckeditor5-ui": "^34.0.0",
        "@ckeditor/ckeditor5-undo": "^34.0.0",
        "@ckeditor/ckeditor5-upload": "^34.0.0",
        "@ckeditor/ckeditor5-utils": "^34.0.0",
        "@ckeditor/ckeditor5-widget": "^34.0.0"
      }
    },
    "js-tokens": {
      "version": "4.0.0",
      "resolved": "https://registry.npmjs.org/js-tokens/-/js-tokens-4.0.0.tgz",
      "integrity": "sha512-RdJUflcE3cUzKiMqQgsCu06FPu9UdIJO0beYbPhHN4k6apgJtifcoCtT9bcxOpYBtpD2kCM6Sbzg4CausW/PKQ=="
    },
    "lodash-es": {
      "version": "4.17.21",
      "resolved": "https://registry.npmjs.org/lodash-es/-/lodash-es-4.17.21.tgz",
      "integrity": "sha512-mKnC+QJ9pWVzv+C4/U3rRsHapFfHvQFoFB92e52xeyGMcX6/OlIl78je1u8vePzYZSkkogMPJ2yjxxsb89cxyw=="
    },
    "loose-envify": {
      "version": "1.4.0",
      "resolved": "https://registry.npmjs.org/loose-envify/-/loose-envify-1.4.0.tgz",
      "integrity": "sha512-lyuxPGr/Wfhrlem2CL/UcnUc1zcqKAImBDzukY7Y5F/yQiNdko6+fRLevlw1HgMySw7f611UIY408EtxRSoK3Q==",
      "requires": {
        "js-tokens": "^3.0.0 || ^4.0.0"
      }
    },
    "object-assign": {
      "version": "4.1.1",
      "resolved": "https://registry.npmjs.org/object-assign/-/object-assign-4.1.1.tgz",
      "integrity": "sha1-IQmtx5ZYh8/AXLvUQsrIv7s2CGM="
    },
    "prop-types": {
      "version": "15.8.1",
      "resolved": "https://registry.npmjs.org/prop-types/-/prop-types-15.8.1.tgz",
      "integrity": "sha512-oj87CgZICdulUohogVAR7AjlC0327U4el4L6eAvOqCeudMDVU0NThNaV+b9Df4dXgSP1gXMTnPdhfe/2qDH5cg==",
      "requires": {
        "loose-envify": "^1.4.0",
        "object-assign": "^4.1.1",
        "react-is": "^16.13.1"
      }
    },
    "react": {
      "version": "18.1.0",
      "resolved": "https://registry.npmjs.org/react/-/react-18.1.0.tgz",
      "integrity": "sha512-4oL8ivCz5ZEPyclFQXaNksK3adutVS8l2xzZU0cqEFrE9Sb7fC0EFK5uEk74wIreL1DERyjvsU915j1pcT2uEQ==",
      "peer": true,
      "requires": {
        "loose-envify": "^1.1.0"
      }
    },
    "react-is": {
      "version": "16.13.1",
      "resolved": "https://registry.npmjs.org/react-is/-/react-is-16.13.1.tgz",
      "integrity": "sha512-24e6ynE2H+OKt4kqsOvNd8kBpV65zoxbA4BVsEOB3ARVWQki/DHzaUoC5KuON/BiccDaCCTZBuOcfZs70kR8bQ=="
    }
  }
}
